
Microsoft Visual Studio Solution File, Format Version 12.00
Project("{FAE04EC0-301F-11D3-BF4B-00C04F79EFBC}") = "Lista1", "Lista1\Lista1.csproj", "{C759A573-46C9-4FD4-A0C1-B4A222BB50FB}"
EndProject
Project("{FAE04EC0-301F-11D3-BF4B-00C04F79EFBC}") = "Lista2", "Lista2\Lista2.csproj", "{5A03A751-F4A3-4CEE-89EE-62102F3F6BD5}"
EndProject
Global
	GlobalSection(SolutionConfigurationPlatforms) = preSolution
		Debug|Any CPU = Debug|Any CPU
		Release|Any CPU = Release|Any CPU
	EndGlobalSection
	GlobalSection(ProjectConfigurationPlatforms) = postSolution
		{C759A573-46C9-4FD4-A0C1-B4A222BB50FB}.Debug|Any CPU.ActiveCfg = Debug|Any CPU
		{C759A573-46C9-4FD4-A0C1-B4A222BB50FB}.Debug|Any CPU.Build.0 = Debug|Any CPU
		{C759A573-46C9-4FD4-A0C1-B4A222BB50FB}.Release|Any CPU.ActiveCfg = Release|Any CPU
		{C759A573-46C9-4FD4-A0C1-B4A222BB50FB}.Release|Any CPU.Build.0 = Release|Any CPU
		{5A03A751-F4A3-4CEE-89EE-62102F3F6BD5}.Debug|Any CPU.ActiveCfg = Debug|Any CPU
		{5A03A751-F4A3-4CEE-89EE-62102F3F6BD5}.Debug|Any CPU.Build.0 = Debug|Any CPU
		{5A03A751-F4A3-4CEE-89EE-62102F3F6BD5}.Release|Any CPU.ActiveCfg = Release|Any CPU
		{5A03A751-F4A3-4CEE-89EE-62102F3F6BD5}.Release|Any CPU.Build.0 = Release|Any CPU
	EndGlobalSection
EndGlobal
